
Microsoft Visual Studio Solution File, Format Version 12.00
# Visual Studio Version 17
VisualStudioVersion = 17.2.32616.157
MinimumVisualStudioVersion = 10.0.40219.1
Project("{FAE04EC0-301F-11D3-BF4B-00C04F79EFBC}") = "XML-HavaDurumu-Api", "XML-HavaDurumu-Api\XML-HavaDurumu-Api.csproj", "{BAF7E284-CD1F-4370-A1BF-CBEA17EFC6B7}"
EndProject
Global
	GlobalSection(SolutionConfigurationPlatforms) = preSolution
		Debug|Any CPU = Debug|Any CPU
		Release|Any CPU = Release|Any CPU
	EndGlobalSection
	GlobalSection(ProjectConfigurationPlatforms) = postSolution
		{BAF7E284-CD1F-4370-A1BF-CBEA17EFC6B7}.Debug|Any CPU.ActiveCfg = Debug|Any CPU
		{BAF7E284-CD1F-4370-A1BF-CBEA17EFC6B7}.Debug|Any CPU.Build.0 = Debug|Any CPU
		{BAF7E284-CD1F-4370-A1BF-CBEA17EFC6B7}.Release|Any CPU.ActiveCfg = Release|Any CPU
		{BAF7E284-CD1F-4370-A1BF-CBEA17EFC6B7}.Release|Any CPU.Build.0 = Release|Any CPU
	EndGlobalSection
	GlobalSection(SolutionProperties) = preSolution
		HideSolutionNode = FALSE
	EndGlobalSection
	GlobalSection(ExtensibilityGlobals) = postSolution
		SolutionGuid = {DE81B22E-8578-4085-A22E-FB2C738F6334}
	EndGlobalSection
EndGlobal
